
Microsoft Visual Studio Solution File, Format Version 12.00
# Visual Studio Version 17
VisualStudioVersion = 17.12.35527.113 d17.12
MinimumVisualStudioVersion = 10.0.40219.1
Project("{E24C65DC-7377-472B-9ABA-BC803B73C61A}") = "Danone.MilkSystem.Web", "..\Danone.MilkSystem.Web\", "{6F737270-641E-45C8-8B5E-A620350339DA}"
	ProjectSection(WebsiteProperties) = preProject
		SccProjectName = ""
		SccAuxPath = ""
		SccLocalPath = ""
		SccProvider = ""
		TargetFrameworkMoniker = ".NETFramework,Version%3Dv2.0"
		ProjectReferences = "{0DFA00D5-1F9D-4AFA-92C9-881D408099EC}|Danone.MilkSystem.Business.dll;"
		Debug.AspNetCompiler.VirtualPath = "/Danone"
		Debug.AspNetCompiler.PhysicalPath = "..\Danone.MilkSystem.Web\"
		Debug.AspNetCompiler.TargetPath = "..\..\..\..\..\Clientes\Compilacao\Danone\"
		Debug.AspNetCompiler.Updateable = "true"
		Debug.AspNetCompiler.ForceOverwrite = "true"
		Debug.AspNetCompiler.FixedNames = "false"
		Debug.AspNetCompiler.Debug = "True"
		Release.AspNetCompiler.VirtualPath = "/Danone"
		Release.AspNetCompiler.PhysicalPath = "..\Danone.MilkSystem.Web\"
		Release.AspNetCompiler.TargetPath = "..\..\..\..\..\Clientes\Compilacao\Danone\"
		Release.AspNetCompiler.Updateable = "true"
		Release.AspNetCompiler.ForceOverwrite = "true"
		Release.AspNetCompiler.FixedNames = "false"
		Release.AspNetCompiler.Debug = "False"
		VWDPort = "62532"
	EndProjectSection
EndProject
Project("{F184B08F-C81C-45F6-A57F-5ABD9991F28F}") = "Danone.MilkSystem.Business", "..\Danone.MilkSystem.Business\Danone.MilkSystem.Business.vbproj", "{0DFA00D5-1F9D-4AFA-92C9-881D408099EC}"
EndProject
Global
	GlobalSection(SolutionConfigurationPlatforms) = preSolution
		Debug|.NET = Debug|.NET
		Debug|Any CPU = Debug|Any CPU
		Debug|Mixed Platforms = Debug|Mixed Platforms
		Release|.NET = Release|.NET
		Release|Any CPU = Release|Any CPU
		Release|Mixed Platforms = Release|Mixed Platforms
	EndGlobalSection
	GlobalSection(ProjectConfigurationPlatforms) = postSolution
		{6F737270-641E-45C8-8B5E-A620350339DA}.Debug|.NET.ActiveCfg = Debug|.NET
		{6F737270-641E-45C8-8B5E-A620350339DA}.Debug|.NET.Build.0 = Debug|.NET
		{6F737270-641E-45C8-8B5E-A620350339DA}.Debug|Any CPU.ActiveCfg = Debug|.NET
		{6F737270-641E-45C8-8B5E-A620350339DA}.Debug|Mixed Platforms.ActiveCfg = Debug|.NET
		{6F737270-641E-45C8-8B5E-A620350339DA}.Debug|Mixed Platforms.Build.0 = Debug|.NET
		{6F737270-641E-45C8-8B5E-A620350339DA}.Release|.NET.ActiveCfg = Debug|.NET
		{6F737270-641E-45C8-8B5E-A620350339DA}.Release|.NET.Build.0 = Debug|.NET
		{6F737270-641E-45C8-8B5E-A620350339DA}.Release|Any CPU.ActiveCfg = Debug|.NET
		{6F737270-641E-45C8-8B5E-A620350339DA}.Release|Mixed Platforms.ActiveCfg = Debug|.NET
		{6F737270-641E-45C8-8B5E-A620350339DA}.Release|Mixed Platforms.Build.0 = Debug|.NET
		{0DFA00D5-1F9D-4AFA-92C9-881D408099EC}.Debug|.NET.ActiveCfg = Debug|Any CPU
		{0DFA00D5-1F9D-4AFA-92C9-881D408099EC}.Debug|Any CPU.ActiveCfg = Debug|Any CPU
		{0DFA00D5-1F9D-4AFA-92C9-881D408099EC}.Debug|Any CPU.Build.0 = Debug|Any CPU
		{0DFA00D5-1F9D-4AFA-92C9-881D408099EC}.Debug|Mixed Platforms.ActiveCfg = Debug|Any CPU
		{0DFA00D5-1F9D-4AFA-92C9-881D408099EC}.Debug|Mixed Platforms.Build.0 = Debug|Any CPU
		{0DFA00D5-1F9D-4AFA-92C9-881D408099EC}.Release|.NET.ActiveCfg = Release|Any CPU
		{0DFA00D5-1F9D-4AFA-92C9-881D408099EC}.Release|Any CPU.ActiveCfg = Release|Any CPU
		{0DFA00D5-1F9D-4AFA-92C9-881D408099EC}.Release|Any CPU.Build.0 = Release|Any CPU
		{0DFA00D5-1F9D-4AFA-92C9-881D408099EC}.Release|Mixed Platforms.ActiveCfg = Release|Any CPU
		{0DFA00D5-1F9D-4AFA-92C9-881D408099EC}.Release|Mixed Platforms.Build.0 = Release|Any CPU
	EndGlobalSection
	GlobalSection(SolutionProperties) = preSolution
		HideSolutionNode = FALSE
	EndGlobalSection
EndGlobal
